{
  "name": "food-deliver",
  "version": "0.1.0",
  "lockfileVersion": 3,
  "requires": true,
  "packages": {
    "": {
      "name": "food-deliver",
      "version": "0.1.0",
      "dependencies": {
        "food-deliver": "file:"
      }
    },
    "node_modules/food-deliver": {
      "resolved": "",
      "link": true
    }
  }
}
